
Microsoft Visual Studio Solution File, Format Version 12.00
# Visual Studio Version 17
VisualStudioVersion = 17.3.32901.215
MinimumVisualStudioVersion = 10.0.40219.1
Project("{FAE04EC0-301F-11D3-BF4B-00C04F79EFBC}") = "Exo_Linq_App", "Exo_Linq_App\Exo_Linq_App.csproj", "{7FA3B587-C294-4236-82C8-5AC1DD6EE01D}"
EndProject
Project("{FAE04EC0-301F-11D3-BF4B-00C04F79EFBC}") = "Exo_Linq_Context", "Exo_Linq_Context\Exo_Linq_Context.csproj", "{5CCFFA4B-9DEB-4AD8-8654-481001F9593F}"
EndProject
Global
	GlobalSection(SolutionConfigurationPlatforms) = preSolution
		Debug|Any CPU = Debug|Any CPU
		Release|Any CPU = Release|Any CPU
	EndGlobalSection
	GlobalSection(ProjectConfigurationPlatforms) = postSolution
		{7FA3B587-C294-4236-82C8-5AC1DD6EE01D}.Debug|Any CPU.ActiveCfg = Debug|Any CPU
		{7FA3B587-C294-4236-82C8-5AC1DD6EE01D}.Debug|Any CPU.Build.0 = Debug|Any CPU
		{7FA3B587-C294-4236-82C8-5AC1DD6EE01D}.Release|Any CPU.ActiveCfg = Release|Any CPU
		{7FA3B587-C294-4236-82C8-5AC1DD6EE01D}.Release|Any CPU.Build.0 = Release|Any CPU
		{5CCFFA4B-9DEB-4AD8-8654-481001F9593F}.Debug|Any CPU.ActiveCfg = Debug|Any CPU
		{5CCFFA4B-9DEB-4AD8-8654-481001F9593F}.Debug|Any CPU.Build.0 = Debug|Any CPU
		{5CCFFA4B-9DEB-4AD8-8654-481001F9593F}.Release|Any CPU.ActiveCfg = Release|Any CPU
		{5CCFFA4B-9DEB-4AD8-8654-481001F9593F}.Release|Any CPU.Build.0 = Release|Any CPU
	EndGlobalSection
	GlobalSection(SolutionProperties) = preSolution
		HideSolutionNode = FALSE
	EndGlobalSection
	GlobalSection(ExtensibilityGlobals) = postSolution
		SolutionGuid = {D7AD19C3-432B-42DF-917D-384A3A10239E}
	EndGlobalSection
EndGlobal
